// !$*UTF8*$!
{
	archiveVersion = 1;
	classes = {
	};
	objectVersion = 46;
	objects = {

/* Begin PBXBuildFile section */
		42A2629F1DD9E0F9005C0BC0 /* AppDelegate.swift in Sources */ = {isa = PBXBuildFile; fileRef = 42A2629E1DD9E0F9005C0BC0 /* AppDelegate.swift */; };
		42A262A11DD9E0F9005C0BC0 /* ViewController.swift in Sources */ = {isa = PBXBuildFile; fileRef = 42A262A01DD9E0F9005C0BC0 /* ViewController.swift */; };
		42A262A41DD9E0F9005C0BC0 /* Main.storyboard in Resources */ = {isa = PBXBuildFile; fileRef = 42A262A21DD9E0F9005C0BC0 /* Main.storyboard */; };
		42A262A71DD9E0F9005C0BC0 /* ReadyToMeme.xcdatamodeld in Sources */ = {isa = PBXBuildFile; fileRef = 42A262A51DD9E0F9005C0BC0 /* ReadyToMeme.xcdatamodeld */; };
		42A262A91DD9E0F9005C0BC0 /* Assets.xcassets in Resources */ = {isa = PBXBuildFile; fileRef = 42A262A81DD9E0F9005C0BC0 /* Assets.xcassets */; };
		42A262AC1DD9E0F9005C0BC0 /* LaunchScreen.storyboard in Resources */ = {isa = PBXBuildFile; fileRef = 42A262AA1DD9E0F9005C0BC0 /* LaunchScreen.storyboard */; };
		42A262B71DD9E0F9005C0BC0 /* ReadyToMemeTests.swift in Sources */ = {isa = PBXBuildFile; fileRef = 42A262B61DD9E0F9005C0BC0 /* ReadyToMemeTests.swift */; };
		42A262C21DD9E0F9005C0BC0 /* ReadyToMemeUITests.swift in Sources */ = {isa = PBXBuildFile; fileRef = 42A262C11DD9E0F9005C0BC0 /* ReadyToMemeUITests.swift */; };
/* End PBXBuildFile section */

/* Begin PBXContainerItemProxy section */
		42A262B31DD9E0F9005C0BC0 /* PBXContainerItemProxy */ = {
			isa = PBXContainerItemProxy;
			containerPortal = 42A262931DD9E0F9005C0BC0 /* Project object */;
			proxyType = 1;
			remoteGlobalIDString = 42A2629A1DD9E0F9005C0BC0;
			remoteInfo = ReadyToMeme;
		};
		42A262BE1DD9E0F9005C0BC0 /* PBXContainerItemProxy */ = {
			isa = PBXContainerItemProxy;
			containerPortal = 42A262931DD9E0F9005C0BC0 /* Project object */;
			proxyType = 1;
			remoteGlobalIDString = 42A2629A1DD9E0F9005C0BC0;
			remoteInfo = ReadyToMeme;
		};
/* End PBXContainerItemProxy section */

/* Begin PBXFileReference section */
		42A2629B1DD9E0F9005C0BC0 /* ReadyToMeme.app */ = {isa = PBXFileReference; explicitFileType = wrapper.application; includeInIndex = 0; path = ReadyToMeme.app; sourceTree = BUILT_PRODUCTS_DIR; };
		42A2629E1DD9E0F9005C0BC0 /* AppDelegate.swift */ = {isa = PBXFileReference; lastKnownFileType = sourcecode.swift; path = AppDelegate.swift; sourceTree = "<group>"; };
		42A262A01DD9E0F9005C0BC0 /* ViewController.swift */ = {isa = PBXFileReference; lastKnownFileType = sourcecode.swift; path = ViewController.swift; sourceTree = "<group>"; };
		42A262A31DD9E0F9005C0BC0 /* Base */ = {isa = PBXFileReference; lastKnownFileType = file.storyboard; name = Base; path = Base.lproj/Main.storyboard; sourceTree = "<group>"; };
		42A262A61DD9E0F9005C0BC0 /* ReadyToMeme.xcdatamodel */ = {isa = PBXFileReference; lastKnownFileType = wrapper.xcdatamodel; path = ReadyToMeme.xcdatamodel; sourceTree = "<group>"; };
		42A262A81DD9E0F9005C0BC0 /* Assets.xcassets */ = {isa = PBXFileReference; lastKnownFileType = folder.assetcatalog; path = Assets.xcassets; sourceTree = "<group>"; };
		42A262AB1DD9E0F9005C0BC0 /* Base */ = {isa = PBXFileReference; lastKnownFileType = file.storyboard; name = Base; path = Base.lproj/LaunchScreen.storyboard; sourceTree = "<group>"; };
		42A262AD1DD9E0F9005C0BC0 /* Info.plist */ = {isa = PBXFileReference; lastKnownFileType = text.plist.xml; path = Info.plist; sourceTree = "<group>"; };
		42A262B21DD9E0F9005C0BC0 /* ReadyToMemeTests.xctest */ = {isa = PBXFileReference; explicitFileType = wrapper.cfbundle; includeInIndex = 0; path = ReadyToMemeTests.xctest; sourceTree = BUILT_PRODUCTS_DIR; };
		42A262B61DD9E0F9005C0BC0 /* ReadyToMemeTests.swift */ = {isa = PBXFileReference; lastKnownFileType = sourcecode.swift; path = ReadyToMemeTests.swift; sourceTree = "<group>"; };
		42A262B81DD9E0F9005C0BC0 /* Info.plist */ = {isa = PBXFileReference; lastKnownFileType = text.plist.xml; path = Info.plist; sourceTree = "<group>"; };
		42A262BD1DD9E0F9005C0BC0 /* ReadyToMemeUITests.xctest */ = {isa = PBXFileReference; explicitFileType = wrapper.cfbundle; includeInIndex = 0; path = ReadyToMemeUITests.xctest; sourceTree = BUILT_PRODUCTS_DIR; };
		42A262C11DD9E0F9005C0BC0 /* ReadyToMemeUITests.swift */ = {isa = PBXFileReference; lastKnownFileType = sourcecode.swift; path = ReadyToMemeUITests.swift; sourceTree = "<group>"; };
		42A262C31DD9E0F9005C0BC0 /* Info.plist */ = {isa = PBXFileReference; lastKnownFileType = text.plist.xml; path = Info.plist; sourceTree = "<group>"; };
/* End PBXFileReference section */

/* Begin PBXFrameworksBuildPhase section */
		42A262981DD9E0F9005C0BC0 /* Frameworks */ = {
			isa = PBXFrameworksBuildPhase;
			buildActionMask = 2147483647;
			files = (
			);
			runOnlyForDeploymentPostprocessing = 0;
		};
		42A262AF1DD9E0F9005C0BC0 /* Frameworks */ = {
			isa = PBXFrameworksBuildPhase;
			buildActionMask = 2147483647;
			files = (
			);
			runOnlyForDeploymentPostprocessing = 0;
		};
		42A262BA1DD9E0F9005C0BC0 /* Frameworks */ = {
			isa = PBXFrameworksBuildPhase;
			buildActionMask = 2147483647;
			files = (
			);
			runOnlyForDeploymentPostprocessing = 0;
		};
/* End PBXFrameworksBuildPhase section */

/* Begin PBXGroup section */
		42A262921DD9E0F9005C0BC0 = {
			isa = PBXGroup;
			children = (
				42A2629D1DD9E0F9005C0BC0 /* ReadyToMeme */,
				42A262B51DD9E0F9005C0BC0 /* ReadyToMemeTests */,
				42A262C01DD9E0F9005C0BC0 /* ReadyToMemeUITests */,
				42A2629C1DD9E0F9005C0BC0 /* Products */,
			);
			sourceTree = "<group>";
		};
		42A2629C1DD9E0F9005C0BC0 /* Products */ = {
			isa = PBXGroup;
			children = (
				42A2629B1DD9E0F9005C0BC0 /* ReadyToMeme.app */,
				42A262B21DD9E0F9005C0BC0 /* ReadyToMemeTests.xctest */,
				42A262BD1DD9E0F9005C0BC0 /* ReadyToMemeUITests.xctest */,
			);
			name = Products;
			sourceTree = "<group>";
		};
		42A2629D1DD9E0F9005C0BC0 /* ReadyToMeme */ = {
			isa = PBXGroup;
			children = (
				42A2629E1DD9E0F9005C0BC0 /* AppDelegate.swift */,
				42A262A01DD9E0F9005C0BC0 /* ViewController.swift */,
				42A262A21DD9E0F9005C0BC0 /* Main.storyboard */,
				42A262A81DD9E0F9005C0BC0 /* Assets.xcassets */,
				42A262AA1DD9E0F9005C0BC0 /* LaunchScreen.storyboard */,
				42A262AD1DD9E0F9005C0BC0 /* Info.plist */,
				42A262A51DD9E0F9005C0BC0 /* ReadyToMeme.xcdatamodeld */,
			);
			path = ReadyToMeme;
			sourceTree = "<group>";
		};
		42A262B51DD9E0F9005C0BC0 /* ReadyToMemeTests */ = {
			isa = PBXGroup;
			children = (
				42A262B61DD9E0F9005C0BC0 /* ReadyToMemeTests.swift */,
				42A262B81DD9E0F9005C0BC0 /* Info.plist */,
			);
			path = ReadyToMemeTests;
			sourceTree = "<group>";
		};
		42A262C01DD9E0F9005C0BC0 /* ReadyToMemeUITests */ = {
			isa = PBXGroup;
			children = (
				42A262C11DD9E0F9005C0BC0 /* ReadyToMemeUITests.swift */,
				42A262C31DD9E0F9005C0BC0 /* Info.plist */,
			);
			path = ReadyToMemeUITests;
			sourceTree = "<group>";
		};
/* End PBXGroup section */

/* Begin PBXNativeTarget section */
		42A2629A1DD9E0F9005C0BC0 /* ReadyToMeme */ = {
			isa = PBXNativeTarget;
			buildConfigurationList = 42A262C61DD9E0F9005C0BC0 /* Build configuration list for PBXNativeTarget "ReadyToMeme" */;
			buildPhases = (
				42A262971DD9E0F9005C0BC0 /* Sources */,
				42A262981DD9E0F9005C0BC0 /* Frameworks */,
				42A262991DD9E0F9005C0BC0 /* Resources */,
			);
			buildRules = (
			);
			dependencies = (
			);
			name = ReadyToMeme;
			productName = ReadyToMeme;
			productReference = 42A2629B1DD9E0F9005C0BC0 /* ReadyToMeme.app */;
			productType = "com.apple.product-type.application";
		};
		42A262B11DD9E0F9005C0BC0 /* ReadyToMemeTests */ = {
			isa = PBXNativeTarget;
			buildConfigurationList = 42A262C91DD9E0F9005C0BC0 /* Build configuration list for PBXNativeTarget "ReadyToMemeTests" */;
			buildPhases = (
				42A262AE1DD9E0F9005C0BC0 /* Sources */,
				42A262AF1DD9E0F9005C0BC0 /* Frameworks */,
				42A262B01DD9E0F9005C0BC0 /* Resources */,
			);
			buildRules = (
			);
			dependencies = (
				42A262B41DD9E0F9005C0BC0 /* PBXTargetDependency */,
			);
			name = ReadyToMemeTests;
			productName = ReadyToMemeTests;
			productReference = 42A262B21DD9E0F9005C0BC0 /* ReadyToMemeTests.xctest */;
			productType = "com.apple.product-type.bundle.unit-test";
		};
		42A262BC1DD9E0F9005C0BC0 /* ReadyToMemeUITests */ = {
			isa = PBXNativeTarget;
			buildConfigurationList = 42A262CC1DD9E0F9005C0BC0 /* Build configuration list for PBXNativeTarget "ReadyToMemeUITests" */;
			buildPhases = (
				42A262B91DD9E0F9005C0BC0 /* Sources */,
				42A262BA1DD9E0F9005C0BC0 /* Frameworks */,
				42A262BB1DD9E0F9005C0BC0 /* Resources */,
			);
			buildRules = (
			);
			dependencies = (
				42A262BF1DD9E0F9005C0BC0 /* PBXTargetDependency */,
			);
			name = ReadyToMemeUITests;
			productName = ReadyToMemeUITests;
			productReference = 42A262BD1DD9E0F9005C0BC0 /* ReadyToMemeUITests.xctest */;
			productType = "com.apple.product-type.bundle.ui-testing";
		};
/* End PBXNativeTarget section */

/* Begin PBXProject section */
		42A262931DD9E0F9005C0BC0 /* Project object */ = {
			isa = PBXProject;
			attributes = {
				LastSwiftUpdateCheck = 0800;
				LastUpgradeCheck = 0800;
				ORGANIZATIONNAME = "Arjun Baru";
				TargetAttributes = {
					42A2629A1DD9E0F9005C0BC0 = {
						CreatedOnToolsVersion = 8.0;
						DevelopmentTeam = EQ48ZT94H8;
						ProvisioningStyle = Automatic;
					};
					42A262B11DD9E0F9005C0BC0 = {
						CreatedOnToolsVersion = 8.0;
						DevelopmentTeam = EQ48ZT94H8;
						ProvisioningStyle = Automatic;
						TestTargetID = 42A2629A1DD9E0F9005C0BC0;
					};
					42A262BC1DD9E0F9005C0BC0 = {
						CreatedOnToolsVersion = 8.0;
						DevelopmentTeam = EQ48ZT94H8;
						ProvisioningStyle = Automatic;
						TestTargetID = 42A2629A1DD9E0F9005C0BC0;
					};
				};
			};
			buildConfigurationList = 42A262961DD9E0F9005C0BC0 /* Build configuration list for PBXProject "ReadyToMeme" */;
			compatibilityVersion = "Xcode 3.2";
			developmentRegion = English;
			hasScannedForEncodings = 0;
			knownRegions = (
				en,
				Base,
			);
			mainGroup = 42A262921DD9E0F9005C0BC0;
			productRefGroup = 42A2629C1DD9E0F9005C0BC0 /* Products */;
			projectDirPath = "";
			projectRoot = "";
			targets = (
				42A2629A1DD9E0F9005C0BC0 /* ReadyToMeme */,
				42A262B11DD9E0F9005C0BC0 /* ReadyToMemeTests */,
				42A262BC1DD9E0F9005C0BC0 /* ReadyToMemeUITests */,
			);
		};
/* End PBXProject section */

/* Begin PBXResourcesBuildPhase section */
		42A262991DD9E0F9005C0BC0 /* Resources */ = {
			isa = PBXResourcesBuildPhase;
			buildActionMask = 2147483647;
			files = (
				42A262AC1DD9E0F9005C0BC0 /* LaunchScreen.storyboard in Resources */,
				42A262A91DD9E0F9005C0BC0 /* Assets.xcassets in Resources */,
				42A262A41DD9E0F9005C0BC0 /* Main.storyboard in Resources */,
			);
			runOnlyForDeploymentPostprocessing = 0;
		};
		42A262B01DD9E0F9005C0BC0 /* Resources */ = {
			isa = PBXResourcesBuildPhase;
			buildActionMask = 2147483647;
			files = (
			);
			runOnlyForDeploymentPostprocessing = 0;
		};
		42A262BB1DD9E0F9005C0BC0 /* Resources */ = {
			isa = PBXResourcesBuildPhase;
			buildActionMask = 2147483647;
			files = (
			);
			runOnlyForDeploymentPostprocessing = 0;
		};
/* End PBXResourcesBuildPhase section */

/* Begin PBXSourcesBuildPhase section */
		42A262971DD9E0F9005C0BC0 /* Sources */ = {
			isa = PBXSourcesBuildPhase;
			buildActionMask = 2147483647;
			files = (
				42A262A11DD9E0F9005C0BC0 /* ViewController.swift in Sources */,
				42A262A71DD9E0F9005C0BC0 /* ReadyToMeme.xcdatamodeld in Sources */,
				42A2629F1DD9E0F9005C0BC0 /* AppDelegate.swift in Sources */,
			);
			runOnlyForDeploymentPostprocessing = 0;
		};
		42A262AE1DD9E0F9005C0BC0 /* Sources */ = {
			isa = PBXSourcesBuildPhase;
			buildActionMask = 2147483647;
			files = (
				42A262B71DD9E0F9005C0BC0 /* ReadyToMemeTests.swift in Sources */,
			);
			runOnlyForDeploymentPostprocessing = 0;
		};
		42A262B91DD9E0F9005C0BC0 /* Sources */ = {
			isa = PBXSourcesBuildPhase;
			buildActionMask = 2147483647;
			files = (
				42A262C21DD9E0F9005C0BC0 /* ReadyToMemeUITests.swift in Sources */,
			);
			runOnlyForDeploymentPostprocessing = 0;
		};
/* End PBXSourcesBuildPhase section */

/* Begin PBXTargetDependency section */
		42A262B41DD9E0F9005C0BC0 /* PBXTargetDependency */ = {
			isa = PBXTargetDependency;
			target = 42A2629A1DD9E0F9005C0BC0 /* ReadyToMeme */;
			targetProxy = 42A262B31DD9E0F9005C0BC0 /* PBXContainerItemProxy */;
		};
		42A262BF1DD9E0F9005C0BC0 /* PBXTargetDependency */ = {
			isa = PBXTargetDependency;
			target = 42A2629A1DD9E0F9005C0BC0 /* ReadyToMeme */;
			targetProxy = 42A262BE1DD9E0F9005C0BC0 /* PBXContainerItemProxy */;
		};
/* End PBXTargetDependency section */

/* Begin PBXVariantGroup section */
		42A262A21DD9E0F9005C0BC0 /* Main.storyboard */ = {
			isa = PBXVariantGroup;
			children = (
				42A262A31DD9E0F9005C0BC0 /* Base */,
			);
			name = Main.storyboard;
			sourceTree = "<group>";
		};
		42A262AA1DD9E0F9005C0BC0 /* LaunchScreen.storyboard */ = {
			isa = PBXVariantGroup;
			children = (
				42A262AB1DD9E0F9005C0BC0 /* Base */,
			);
			name = LaunchScreen.storyboard;
			sourceTree = "<group>";
		};
/* End PBXVariantGroup section */

/* Begin XCBuildConfiguration section */
		42A262C41DD9E0F9005C0BC0 /* Debug */ = {
			isa = XCBuildConfiguration;
			buildSettings = {
				ALWAYS_SEARCH_USER_PATHS = NO;
				CLANG_ANALYZER_NONNULL = YES;
				CLANG_CXX_LANGUAGE_STANDARD = "gnu++0x";
				CLANG_CXX_LIBRARY = "libc++";
				CLANG_ENABLE_MODULES = YES;
				CLANG_ENABLE_OBJC_ARC = YES;
				CLANG_WARN_BOOL_CONVERSION = YES;
				CLANG_WARN_CONSTANT_CONVERSION = YES;
				CLANG_WARN_DIRECT_OBJC_ISA_USAGE = YES_ERROR;
				CLANG_WARN_DOCUMENTATION_COMMENTS = YES;
				CLANG_WARN_EMPTY_BODY = YES;
				CLANG_WARN_ENUM_CONVERSION = YES;
				CLANG_WARN_INFINITE_RECURSION = YES;
				CLANG_WARN_INT_CONVERSION = YES;
				CLANG_WARN_OBJC_ROOT_CLASS = YES_ERROR;
				CLANG_WARN_SUSPICIOUS_MOVES = YES;
				CLANG_WARN_UNREACHABLE_CODE = YES;
				CLANG_WARN__DUPLICATE_METHOD_MATCH = YES;
				"CODE_SIGN_IDENTITY[sdk=iphoneos*]" = "iPhone Developer";
				COPY_PHASE_STRIP = NO;
				DEBUG_INFORMATION_FORMAT = dwarf;
				ENABLE_STRICT_OBJC_MSGSEND = YES;
				ENABLE_TESTABILITY = YES;
				GCC_C_LANGUAGE_STANDARD = gnu99;
				GCC_DYNAMIC_NO_PIC = NO;
				GCC_NO_COMMON_BLOCKS = YES;
				GCC_OPTIMIZATION_LEVEL = 0;
				GCC_PREPROCESSOR_DEFINITIONS = (
					"DEBUG=1",
					"$(inherited)",
				);
				GCC_WARN_64_TO_32_BIT_CONVERSION = YES;
				GCC_WARN_ABOUT_RETURN_TYPE = YES_ERROR;
				GCC_WARN_UNDECLARED_SELECTOR = YES;
				GCC_WARN_UNINITIALIZED_AUTOS = YES_AGGRESSIVE;
				GCC_WARN_UNUSED_FUNCTION = YES;
				GCC_WARN_UNUSED_VARIABLE = YES;
				IPHONEOS_DEPLOYMENT_TARGET = 10.0;
				MTL_ENABLE_DEBUG_INFO = YES;
				ONLY_ACTIVE_ARCH = YES;
				SDKROOT = iphoneos;
				SWIFT_ACTIVE_COMPILATION_CONDITIONS = DEBUG;
				SWIFT_OPTIMIZATION_LEVEL = "-Onone";
				TARGETED_DEVICE_FAMILY = "1,2";
			};
			name = Debug;
		};
		42A262C51DD9E0F9005C0BC0 /* Release */ = {
			isa = XCBuildConfiguration;
			buildSettings = {
				ALWAYS_SEARCH_USER_PATHS = NO;
				CLANG_ANALYZER_NONNULL = YES;
				CLANG_CXX_LANGUAGE_STANDARD = "gnu++0x";
				CLANG_CXX_LIBRARY = "libc++";
				CLANG_ENABLE_MODULES = YES;
				CLANG_ENABLE_OBJC_ARC = YES;
				CLANG_WARN_BOOL_CONVERSION = YES;
				CLANG_WARN_CONSTANT_CONVERSION = YES;
				CLANG_WARN_DIRECT_OBJC_ISA_USAGE = YES_ERROR;
				CLANG_WARN_DOCUMENTATION_COMMENTS = YES;
				CLANG_WARN_EMPTY_BODY = YES;
				CLANG_WARN_ENUM_CONVERSION = YES;
				CLANG_WARN_INFINITE_RECURSION = YES;
				CLANG_WARN_INT_CONVERSION = YES;
				CLANG_WARN_OBJC_ROOT_CLASS = YES_ERROR;
				CLANG_WARN_SUSPICIOUS_MOVES = YES;
				CLANG_WARN_UNREACHABLE_CODE = YES;
				CLANG_WARN__DUPLICATE_METHOD_MATCH = YES;
				"CODE_SIGN_IDENTITY[sdk=iphoneos*]" = "iPhone Developer";
				COPY_PHASE_STRIP = NO;
				DEBUG_INFORMATION_FORMAT = "dwarf-with-dsym";
				ENABLE_NS_ASSERTIONS = NO;
				ENABLE_STRICT_OBJC_MSGSEND = YES;
				GCC_C_LANGUAGE_STANDARD = gnu99;
				GCC_NO_COMMON_BLOCKS = YES;
				GCC_WARN_64_TO_32_BIT_CONVERSION = YES;
				GCC_WARN_ABOUT_RETURN_TYPE = YES_ERROR;
				GCC_WARN_UNDECLARED_SELECTOR = YES;
				GCC_WARN_UNINITIALIZED_AUTOS = YES_AGGRESSIVE;
				GCC_WARN_UNUSED_FUNCTION = YES;
				GCC_WARN_UNUSED_VARIABLE = YES;
				IPHONEOS_DEPLOYMENT_TARGET = 10.0;
				MTL_ENABLE_DEBUG_INFO = NO;
				SDKROOT = iphoneos;
				SWIFT_OPTIMIZATION_LEVEL = "-Owholemodule";
				TARGETED_DEVICE_FAMILY = "1,2";
				VALIDATE_PRODUCT = YES;
			};
			name = Release;
		};
		42A262C71DD9E0F9005C0BC0 /* Debug */ = {
			isa = XCBuildConfiguration;
			buildSettings = {
				ASSETCATALOG_COMPILER_APPICON_NAME = AppIcon;
				DEVELOPMENT_TEAM = EQ48ZT94H8;
				INFOPLIST_FILE = ReadyToMeme/Info.plist;
				LD_RUNPATH_SEARCH_PATHS = "$(inherited) @executable_path/Frameworks";
				PRODUCT_BUNDLE_IDENTIFIER = arjunbaru.ReadyToMeme;
				PRODUCT_NAME = "$(TARGET_NAME)";
				SWIFT_VERSION = 3.0;
			};
			name = Debug;
		};
		42A262C81DD9E0F9005C0BC0 /* Release */ = {
			isa = XCBuildConfiguration;
			buildSettings = {
				ASSETCATALOG_COMPILER_APPICON_NAME = AppIcon;
				DEVELOPMENT_TEAM = EQ48ZT94H8;
				INFOPLIST_FILE = ReadyToMeme/Info.plist;
				LD_RUNPATH_SEARCH_PATHS = "$(inherited) @executable_path/Frameworks";
				PRODUCT_BUNDLE_IDENTIFIER = arjunbaru.ReadyToMeme;
				PRODUCT_NAME = "$(TARGET_NAME)";
				SWIFT_VERSION = 3.0;
			};
			name = Release;
		};
		42A262CA1DD9E0F9005C0BC0 /* Debug */ = {
			isa = XCBuildConfiguration;
			buildSettings = {
				ALWAYS_EMBED_SWIFT_STANDARD_LIBRARIES = YES;
				BUNDLE_LOADER = "$(TEST_HOST)";
				DEVELOPMENT_TEAM = EQ48ZT94H8;
				INFOPLIST_FILE = ReadyToMemeTests/Info.plist;
				LD_RUNPATH_SEARCH_PATHS = "$(inherited) @executable_path/Frameworks @loader_path/Frameworks";
				PRODUCT_BUNDLE_IDENTIFIER = arjunbaru.ReadyToMemeTests;
				PRODUCT_NAME = "$(TARGET_NAME)";
				SWIFT_VERSION = 3.0;
				TEST_HOST = "$(BUILT_PRODUCTS_DIR)/ReadyToMeme.app/ReadyToMeme";
			};
			name = Debug;
		};
		42A262CB1DD9E0F9005C0BC0 /* Release */ = {
			isa = XCBuildConfiguration;
			buildSettings = {
				ALWAYS_EMBED_SWIFT_STANDARD_LIBRARIES = YES;
				BUNDLE_LOADER = "$(TEST_HOST)";
				DEVELOPMENT_TEAM = EQ48ZT94H8;
				INFOPLIST_FILE = ReadyToMemeTests/Info.plist;
				LD_RUNPATH_SEARCH_PATHS = "$(inherited) @executable_path/Frameworks @loader_path/Frameworks";
				PRODUCT_BUNDLE_IDENTIFIER = arjunbaru.ReadyToMemeTests;
				PRODUCT_NAME = "$(TARGET_NAME)";
				SWIFT_VERSION = 3.0;
				TEST_HOST = "$(BUILT_PRODUCTS_DIR)/ReadyToMeme.app/ReadyToMeme";
			};
			name = Release;
		};
		42A262CD1DD9E0F9005C0BC0 /* Debug */ = {
			isa = XCBuildConfiguration;
			buildSettings = {
				ALWAYS_EMBED_SWIFT_STANDARD_LIBRARIES = YES;
				DEVELOPMENT_TEAM = EQ48ZT94H8;
				INFOPLIST_FILE = ReadyToMemeUITests/Info.plist;
				LD_RUNPATH_SEARCH_PATHS = "$(inherited) @executable_path/Frameworks @loader_path/Frameworks";
				PRODUCT_BUNDLE_IDENTIFIER = arjunbaru.ReadyToMemeUITests;
				PRODUCT_NAME = "$(TARGET_NAME)";
				SWIFT_VERSION = 3.0;
				TEST_TARGET_NAME = ReadyToMeme;
			};
			name = Debug;
		};
		42A262CE1DD9E0F9005C0BC0 /* Release */ = {
			isa = XCBuildConfiguration;
			buildSettings = {
				ALWAYS_EMBED_SWIFT_STANDARD_LIBRARIES = YES;
				DEVELOPMENT_TEAM = EQ48ZT94H8;
				INFOPLIST_FILE = ReadyToMemeUITests/Info.plist;
				LD_RUNPATH_SEARCH_PATHS = "$(inherited) @executable_path/Frameworks @loader_path/Frameworks";
				PRODUCT_BUNDLE_IDENTIFIER = arjunbaru.ReadyToMemeUITests;
				PRODUCT_NAME = "$(TARGET_NAME)";
				SWIFT_VERSION = 3.0;
				TEST_TARGET_NAME = ReadyToMeme;
			};
			name = Release;
		};
/* End XCBuildConfiguration section */

/* Begin XCConfigurationList section */
		42A262961DD9E0F9005C0BC0 /* Build configuration list for PBXProject "ReadyToMeme" */ = {
			isa = XCConfigurationList;
			buildConfigurations = (
				42A262C41DD9E0F9005C0BC0 /* Debug */,
				42A262C51DD9E0F9005C0BC0 /* Release */,
			);
			defaultConfigurationIsVisible = 0;
			defaultConfigurationName = Release;
		};
		42A262C61DD9E0F9005C0BC0 /* Build configuration list for PBXNativeTarget "ReadyToMeme" */ = {
			isa = XCConfigurationList;
			buildConfigurations = (
				42A262C71DD9E0F9005C0BC0 /* Debug */,
				42A262C81DD9E0F9005C0BC0 /* Release */,
			);
			defaultConfigurationIsVisible = 0;
		};
		42A262C91DD9E0F9005C0BC0 /* Build configuration list for PBXNativeTarget "ReadyToMemeTests" */ = {
			isa = XCConfigurationList;
			buildConfigurations = (
				42A262CA1DD9E0F9005C0BC0 /* Debug */,
				42A262CB1DD9E0F9005C0BC0 /* Release */,
			);
			defaultConfigurationIsVisible = 0;
		};
		42A262CC1DD9E0F9005C0BC0 /* Build configuration list for PBXNativeTarget "ReadyToMemeUITests" */ = {
			isa = XCConfigurationList;
			buildConfigurations = (
				42A262CD1DD9E0F9005C0BC0 /* Debug */,
				42A262CE1DD9E0F9005C0BC0 /* Release */,
			);
			defaultConfigurationIsVisible = 0;
		};
/* End XCConfigurationList section */

/* Begin XCVersionGroup section */
		42A262A51DD9E0F9005C0BC0 /* ReadyToMeme.xcdatamodeld */ = {
			isa = XCVersionGroup;
			children = (
				42A262A61DD9E0F9005C0BC0 /* ReadyToMeme.xcdatamodel */,
			);
			currentVersion = 42A262A61DD9E0F9005C0BC0 /* ReadyToMeme.xcdatamodel */;
			path = ReadyToMeme.xcdatamodeld;
			sourceTree = "<group>";
			versionGroupType = wrapper.xcdatamodel;
		};
/* End XCVersionGroup section */
	};
	rootObject = 42A262931DD9E0F9005C0BC0 /* Project object */;
}
